{
  "name": "please-prototype",
  "version": "0.0.0",
  "lockfileVersion": 3,
  "requires": true,
  "packages": {
    "": {
      "name": "please-prototype",
      "version": "0.0.0",
      "dependencies": {
        "@matt.kantor/option": "^1.0.0",
        "kleur": "^4.1.5"
      },
      "bin": {
        "please": "please"
      },
      "devDependencies": {
        "@types/node": "^22.5.5",
        "typescript": "^5.6.2"
      }
    },
    "node_modules/@matt.kantor/option": {
      "version": "1.0.0",
      "resolved": "https://registry.npmjs.org/@matt.kantor/option/-/option-1.0.0.tgz",
      "integrity": "sha512-EzMyjqjQ9L+s4KLBLrMRooZlJSz3cj1sK9rRHz7ZfPCt0GJak4ZkARTimSzkS2R6wEaOvJXJH7frlf/y0kHt0g==",
      "license": "MIT",
      "dependencies": {
        "@matt.kantor/option-tag-symbol": "*"
      }
    },
    "node_modules/@matt.kantor/option-tag-symbol": {
      "version": "9007199254740991.9007199254740991.9007199254740991",
      "resolved": "https://registry.npmjs.org/@matt.kantor/option-tag-symbol/-/option-tag-symbol-9007199254740991.9007199254740991.9007199254740991.tgz",
      "integrity": "sha512-SfSHY47RmrQn7Dm6L9Tx4bmUzef4xDmOcQeFtgK5e/3NG/oWzNB6vZkDyBy7rDiBgk5o2Z99HutcEvDX9xTrfg==",
      "license": "MIT"
    },
    "node_modules/@types/node": {
      "version": "22.7.8",
      "resolved": "https://registry.npmjs.org/@types/node/-/node-22.7.8.tgz",
      "integrity": "sha512-a922jJy31vqR5sk+kAdIENJjHblqcZ4RmERviFsER4WJcEONqxKcjNOlk0q7OUfrF5sddT+vng070cdfMlrPLg==",
      "dev": true,
      "license": "MIT",
      "dependencies": {
        "undici-types": "~6.19.2"
      }
    },
    "node_modules/kleur": {
      "version": "4.1.5",
      "resolved": "https://registry.npmjs.org/kleur/-/kleur-4.1.5.tgz",
      "integrity": "sha512-o+NO+8WrRiQEE4/7nwRJhN1HWpVmJm511pBHUxPLtp0BUISzlBplORYSmTclCnJvQq2tKu/sgl3xVpkc7ZWuQQ==",
      "license": "MIT",
      "engines": {
        "node": ">=6"
      }
    },
    "node_modules/typescript": {
      "version": "5.6.3",
      "resolved": "https://registry.npmjs.org/typescript/-/typescript-5.6.3.tgz",
      "integrity": "sha512-hjcS1mhfuyi4WW8IWtjP7brDrG2cuDZukyrYrSauoXGNgx0S7zceP07adYkJycEr56BOUTNPzbInooiN3fn1qw==",
      "dev": true,
      "license": "Apache-2.0",
      "bin": {
        "tsc": "bin/tsc",
        "tsserver": "bin/tsserver"
      },
      "engines": {
        "node": ">=14.17"
      }
    },
    "node_modules/undici-types": {
      "version": "6.19.8",
      "resolved": "https://registry.npmjs.org/undici-types/-/undici-types-6.19.8.tgz",
      "integrity": "sha512-ve2KP6f/JnbPBFyobGHuerC9g1FYGn/F8n1LWTwNxCEzd6IfqTwUQcNXgEtmmQ6DlRrC1hrSrBnCZPokRrDHjw==",
      "dev": true,
      "license": "MIT"
    }
  }
}
