{
  "name": "please-prototype",
  "version": "0.0.0",
  "lockfileVersion": 3,
  "requires": true,
  "packages": {
    "": {
      "name": "please-prototype",
      "version": "0.0.0",
      "dependencies": {
        "@matt.kantor/either": "^1.2.0",
        "@matt.kantor/option": "^1.0.0",
        "@matt.kantor/parsing": "^2.0.0",
        "kleur": "^4.1.5"
      },
      "bin": {
        "please": "please"
      },
      "devDependencies": {
        "@types/node": "^22.17.0",
        "strip-ansi": "^7.1.0",
        "typescript": "^5.9.2"
      },
      "engines": {
        "node": ">=22"
      }
    },
    "node_modules/@matt.kantor/either": {
      "version": "1.2.0",
      "resolved": "https://registry.npmjs.org/@matt.kantor/either/-/either-1.2.0.tgz",
      "integrity": "sha512-DujaG+1kCIa5gASwrAc9y352McRuomA3tH0AQOcGRuFHKPktkfwNcSUbprL+8RNziqXQ1+MJGCMiOS/IduOklA==",
      "license": "MIT",
      "dependencies": {
        "@matt.kantor/either-tag-symbol": "*"
      }
    },
    "node_modules/@matt.kantor/either-tag-symbol": {
      "version": "9007199254740991.9007199254740991.9007199254740991",
      "resolved": "https://registry.npmjs.org/@matt.kantor/either-tag-symbol/-/either-tag-symbol-9007199254740991.9007199254740991.9007199254740991.tgz",
      "integrity": "sha512-gcsznH1E+z2Or7+bdt3DgvXLgUajDM/zUvS5cmLDIOeYQkeveZTlYnY9dS1Zp6tZU5jQEvd1zUOeYfJhVYa5eA==",
      "license": "MIT"
    },
    "node_modules/@matt.kantor/option": {
      "version": "1.0.0",
      "resolved": "https://registry.npmjs.org/@matt.kantor/option/-/option-1.0.0.tgz",
      "integrity": "sha512-EzMyjqjQ9L+s4KLBLrMRooZlJSz3cj1sK9rRHz7ZfPCt0GJak4ZkARTimSzkS2R6wEaOvJXJH7frlf/y0kHt0g==",
      "license": "MIT",
      "dependencies": {
        "@matt.kantor/option-tag-symbol": "*"
      }
    },
    "node_modules/@matt.kantor/option-tag-symbol": {
      "version": "9007199254740991.9007199254740991.9007199254740991",
      "resolved": "https://registry.npmjs.org/@matt.kantor/option-tag-symbol/-/option-tag-symbol-9007199254740991.9007199254740991.9007199254740991.tgz",
      "integrity": "sha512-SfSHY47RmrQn7Dm6L9Tx4bmUzef4xDmOcQeFtgK5e/3NG/oWzNB6vZkDyBy7rDiBgk5o2Z99HutcEvDX9xTrfg==",
      "license": "MIT"
    },
    "node_modules/@matt.kantor/parsing": {
      "version": "2.0.0",
      "resolved": "https://registry.npmjs.org/@matt.kantor/parsing/-/parsing-2.0.0.tgz",
      "integrity": "sha512-I3iPqQQg1wjHvJIOWrApX7ALCEJbYUhfw5b/zvNK84Gt90NQgZud6I5XGSK3ZWG5PGVU7lcGxeFFUq3J7Vs2nQ==",
      "license": "MIT",
      "dependencies": {
        "@matt.kantor/either": "^1.0.0"
      }
    },
    "node_modules/@types/node": {
      "version": "22.17.0",
      "resolved": "https://registry.npmjs.org/@types/node/-/node-22.17.0.tgz",
      "integrity": "sha512-bbAKTCqX5aNVryi7qXVMi+OkB3w/OyblodicMbvE38blyAz7GxXf6XYhklokijuPwwVg9sDLKRxt0ZHXQwZVfQ==",
      "dev": true,
      "license": "MIT",
      "dependencies": {
        "undici-types": "~6.21.0"
      }
    },
    "node_modules/ansi-regex": {
      "version": "6.1.0",
      "resolved": "https://registry.npmjs.org/ansi-regex/-/ansi-regex-6.1.0.tgz",
      "integrity": "sha512-7HSX4QQb4CspciLpVFwyRe79O3xsIZDDLER21kERQ71oaPodF8jL725AgJMFAYbooIqolJoRLuM81SpeUkpkvA==",
      "dev": true,
      "license": "MIT",
      "engines": {
        "node": ">=12"
      },
      "funding": {
        "url": "https://github.com/chalk/ansi-regex?sponsor=1"
      }
    },
    "node_modules/kleur": {
      "version": "4.1.5",
      "resolved": "https://registry.npmjs.org/kleur/-/kleur-4.1.5.tgz",
      "integrity": "sha512-o+NO+8WrRiQEE4/7nwRJhN1HWpVmJm511pBHUxPLtp0BUISzlBplORYSmTclCnJvQq2tKu/sgl3xVpkc7ZWuQQ==",
      "license": "MIT",
      "engines": {
        "node": ">=6"
      }
    },
    "node_modules/strip-ansi": {
      "version": "7.1.0",
      "resolved": "https://registry.npmjs.org/strip-ansi/-/strip-ansi-7.1.0.tgz",
      "integrity": "sha512-iq6eVVI64nQQTRYq2KtEg2d2uU7LElhTJwsH4YzIHZshxlgZms/wIc4VoDQTlG/IvVIrBKG06CrZnp0qv7hkcQ==",
      "dev": true,
      "license": "MIT",
      "dependencies": {
        "ansi-regex": "^6.0.1"
      },
      "engines": {
        "node": ">=12"
      },
      "funding": {
        "url": "https://github.com/chalk/strip-ansi?sponsor=1"
      }
    },
    "node_modules/typescript": {
      "version": "5.9.2",
      "resolved": "https://registry.npmjs.org/typescript/-/typescript-5.9.2.tgz",
      "integrity": "sha512-CWBzXQrc/qOkhidw1OzBTQuYRbfyxDXJMVJ1XNwUHGROVmuaeiEm3OslpZ1RV96d7SKKjZKrSJu3+t/xlw3R9A==",
      "dev": true,
      "license": "Apache-2.0",
      "bin": {
        "tsc": "bin/tsc",
        "tsserver": "bin/tsserver"
      },
      "engines": {
        "node": ">=14.17"
      }
    },
    "node_modules/undici-types": {
      "version": "6.21.0",
      "resolved": "https://registry.npmjs.org/undici-types/-/undici-types-6.21.0.tgz",
      "integrity": "sha512-iwDZqg0QAGrg9Rav5H4n0M64c3mkR59cJ6wQp+7C4nI0gsmExaedaYLNO44eT4AtBBwjbTiGPMlt2Md0T9H9JQ==",
      "dev": true,
      "license": "MIT"
    }
  }
}
