{
  "name": "please-prototype",
  "version": "0.0.0",
  "lockfileVersion": 3,
  "requires": true,
  "packages": {
    "": {
      "name": "please-prototype",
      "version": "0.0.0",
      "dependencies": {
        "@matt.kantor/either": "^1.2.0",
        "@matt.kantor/option": "^1.0.0",
        "@matt.kantor/parsing": "^2.0.0",
        "strip-ansi": "^7.1.2"
      },
      "bin": {
        "please": "please"
      },
      "devDependencies": {
        "@types/node": "^24.10.1",
        "typescript": "^5.9.3"
      },
      "engines": {
        "node": ">=22.18"
      }
    },
    "node_modules/@matt.kantor/either": {
      "version": "1.2.0",
      "resolved": "https://registry.npmjs.org/@matt.kantor/either/-/either-1.2.0.tgz",
      "integrity": "sha512-DujaG+1kCIa5gASwrAc9y352McRuomA3tH0AQOcGRuFHKPktkfwNcSUbprL+8RNziqXQ1+MJGCMiOS/IduOklA==",
      "license": "MIT",
      "dependencies": {
        "@matt.kantor/either-tag-symbol": "*"
      }
    },
    "node_modules/@matt.kantor/either-tag-symbol": {
      "version": "9007199254740991.9007199254740991.9007199254740991",
      "resolved": "https://registry.npmjs.org/@matt.kantor/either-tag-symbol/-/either-tag-symbol-9007199254740991.9007199254740991.9007199254740991.tgz",
      "integrity": "sha512-gcsznH1E+z2Or7+bdt3DgvXLgUajDM/zUvS5cmLDIOeYQkeveZTlYnY9dS1Zp6tZU5jQEvd1zUOeYfJhVYa5eA==",
      "license": "MIT"
    },
    "node_modules/@matt.kantor/option": {
      "version": "1.0.0",
      "resolved": "https://registry.npmjs.org/@matt.kantor/option/-/option-1.0.0.tgz",
      "integrity": "sha512-EzMyjqjQ9L+s4KLBLrMRooZlJSz3cj1sK9rRHz7ZfPCt0GJak4ZkARTimSzkS2R6wEaOvJXJH7frlf/y0kHt0g==",
      "license": "MIT",
      "dependencies": {
        "@matt.kantor/option-tag-symbol": "*"
      }
    },
    "node_modules/@matt.kantor/option-tag-symbol": {
      "version": "9007199254740991.9007199254740991.9007199254740991",
      "resolved": "https://registry.npmjs.org/@matt.kantor/option-tag-symbol/-/option-tag-symbol-9007199254740991.9007199254740991.9007199254740991.tgz",
      "integrity": "sha512-SfSHY47RmrQn7Dm6L9Tx4bmUzef4xDmOcQeFtgK5e/3NG/oWzNB6vZkDyBy7rDiBgk5o2Z99HutcEvDX9xTrfg==",
      "license": "MIT"
    },
    "node_modules/@matt.kantor/parsing": {
      "version": "2.0.0",
      "resolved": "https://registry.npmjs.org/@matt.kantor/parsing/-/parsing-2.0.0.tgz",
      "integrity": "sha512-I3iPqQQg1wjHvJIOWrApX7ALCEJbYUhfw5b/zvNK84Gt90NQgZud6I5XGSK3ZWG5PGVU7lcGxeFFUq3J7Vs2nQ==",
      "license": "MIT",
      "dependencies": {
        "@matt.kantor/either": "^1.0.0"
      }
    },
    "node_modules/@types/node": {
      "version": "24.10.4",
      "resolved": "https://registry.npmjs.org/@types/node/-/node-24.10.4.tgz",
      "integrity": "sha512-vnDVpYPMzs4wunl27jHrfmwojOGKya0xyM3sH+UE5iv5uPS6vX7UIoh6m+vQc5LGBq52HBKPIn/zcSZVzeDEZg==",
      "dev": true,
      "license": "MIT",
      "dependencies": {
        "undici-types": "~7.16.0"
      }
    },
    "node_modules/ansi-regex": {
      "version": "6.2.2",
      "resolved": "https://registry.npmjs.org/ansi-regex/-/ansi-regex-6.2.2.tgz",
      "integrity": "sha512-Bq3SmSpyFHaWjPk8If9yc6svM8c56dB5BAtW4Qbw5jHTwwXXcTLoRMkpDJp6VL0XzlWaCHTXrkFURMYmD0sLqg==",
      "license": "MIT",
      "engines": {
        "node": ">=12"
      },
      "funding": {
        "url": "https://github.com/chalk/ansi-regex?sponsor=1"
      }
    },
    "node_modules/strip-ansi": {
      "version": "7.1.2",
      "resolved": "https://registry.npmjs.org/strip-ansi/-/strip-ansi-7.1.2.tgz",
      "integrity": "sha512-gmBGslpoQJtgnMAvOVqGZpEz9dyoKTCzy2nfz/n8aIFhN/jCE/rCmcxabB6jOOHV+0WNnylOxaxBQPSvcWklhA==",
      "license": "MIT",
      "dependencies": {
        "ansi-regex": "^6.0.1"
      },
      "engines": {
        "node": ">=12"
      },
      "funding": {
        "url": "https://github.com/chalk/strip-ansi?sponsor=1"
      }
    },
    "node_modules/typescript": {
      "version": "5.9.3",
      "resolved": "https://registry.npmjs.org/typescript/-/typescript-5.9.3.tgz",
      "integrity": "sha512-jl1vZzPDinLr9eUt3J/t7V6FgNEw9QjvBPdysz9KfQDD41fQrC2Y4vKQdiaUpFT4bXlb1RHhLpp8wtm6M5TgSw==",
      "dev": true,
      "license": "Apache-2.0",
      "bin": {
        "tsc": "bin/tsc",
        "tsserver": "bin/tsserver"
      },
      "engines": {
        "node": ">=14.17"
      }
    },
    "node_modules/undici-types": {
      "version": "7.16.0",
      "resolved": "https://registry.npmjs.org/undici-types/-/undici-types-7.16.0.tgz",
      "integrity": "sha512-Zz+aZWSj8LE6zoxD+xrjh4VfkIG8Ya6LvYkZqtUQGJPZjYl53ypCaUwWqo7eI0x66KBGeRo+mlBEkMSeSZ38Nw==",
      "dev": true,
      "license": "MIT"
    }
  }
}
